
Microsoft Visual Studio Solution File, Format Version 12.00
# Visual Studio Version 17
VisualStudioVersion = 17.0.31903.59
MinimumVisualStudioVersion = 10.0.40219.1
Project("{2150E333-8FDC-42A3-9474-1A3956D46DE8}") = "1_SlojPodataka", "1_SlojPodataka", "{419B0A52-C191-462D-9610-9BB7CC99E6BA}"
EndProject
Project("{2150E333-8FDC-42A3-9474-1A3956D46DE8}") = "TehnoloskeKlase", "TehnoloskeKlase", "{28FE98B5-7A03-4CE9-9FB5-6FD18FE35051}"
EndProject
Project("{2150E333-8FDC-42A3-9474-1A3956D46DE8}") = "DBUtils", "DBUtils", "{6377A06A-4F58-47F1-82F5-2EC85382A33B}"
EndProject
Project("{2150E333-8FDC-42A3-9474-1A3956D46DE8}") = "DBUtils", "DBUtils", "{B3E4B275-4CD4-4578-A8B1-E30CBEEE7B22}"
EndProject
Project("{FAE04EC0-301F-11D3-BF4B-00C04F79EFBC}") = "DBUtils", "1_SlojPodataka\TehnoloskeKlase\DBUtils\DBUtils\DBUtils\DBUtils.csproj", "{608C9905-AD39-4AAC-A050-354C3E6C36CD}"
EndProject
Project("{2150E333-8FDC-42A3-9474-1A3956D46DE8}") = "KlasePodataka", "KlasePodataka", "{0E0AB0B6-C69E-43E8-BB07-381AF99D0A60}"
EndProject
Project("{2150E333-8FDC-42A3-9474-1A3956D46DE8}") = "KlasePodataka", "KlasePodataka", "{7BA79310-58E3-4BEF-B4CD-37022C319A21}"
EndProject
Project("{FAE04EC0-301F-11D3-BF4B-00C04F79EFBC}") = "KlasePodataka", "1_SlojPodataka\KlasePodataka\KlasePodataka\KlasePodataka\KlasePodataka.csproj", "{AD0F4212-2425-4CA2-B575-4C7DE3B4EB03}"
EndProject
Project("{2150E333-8FDC-42A3-9474-1A3956D46DE8}") = "3_SlojServisa", "3_SlojServisa", "{A42C170A-A83F-469C-AADC-E48955FE7A59}"
EndProject
Project("{2150E333-8FDC-42A3-9474-1A3956D46DE8}") = "KlaseMapiranja", "KlaseMapiranja", "{BD245F51-3F94-4F21-91CB-B9B80BF2E7D7}"
EndProject
Project("{FAE04EC0-301F-11D3-BF4B-00C04F79EFBC}") = "KlaseMapiranja", "3_SlojServisa\KlaseMapiranja\KlaseMapiranja\KlaseMapiranja.csproj", "{E4510E62-2145-449B-8951-0B4D24FE2A45}"
EndProject
Project("{2150E333-8FDC-42A3-9474-1A3956D46DE8}") = "2_SlojPoslovneLogike", "2_SlojPoslovneLogike", "{09A08280-7987-4358-BEC8-E6E40311AF92}"
EndProject
Project("{2150E333-8FDC-42A3-9474-1A3956D46DE8}") = "PoslovnaLogika", "PoslovnaLogika", "{31560BB8-0717-418D-9BDF-D126DABAB4FD}"
EndProject
Project("{FAE04EC0-301F-11D3-BF4B-00C04F79EFBC}") = "PoslovnaLogika", "2_SlojPoslovneLogike\PoslovnaLogika\PoslovnaLogika\PoslovnaLogika.csproj", "{6E1E6C15-41E1-4AF7-AA73-B88A86A7FECF}"
EndProject
Project("{2150E333-8FDC-42A3-9474-1A3956D46DE8}") = "4_PrezentacioniSloj", "4_PrezentacioniSloj", "{DA022BA3-3E90-4D6B-BB3E-01465043E9E1}"
EndProject
Project("{2150E333-8FDC-42A3-9474-1A3956D46DE8}") = "PrezentacionaLogika", "PrezentacionaLogika", "{E363FD4B-FA94-41DC-9866-2F3C844A2A18}"
EndProject
Project("{FAE04EC0-301F-11D3-BF4B-00C04F79EFBC}") = "PrezentacionaLogika", "4_PrezentacioniSloj\PrezentacionaLogika\PrezentacionaLogika\PrezentacionaLogika.csproj", "{A59FC42F-F8FF-446A-A0F5-EB0B8AA8C2F0}"
EndProject
Project("{FAE04EC0-301F-11D3-BF4B-00C04F79EFBC}") = "KadrovskiPodaci", "3_SlojServisa\WebServis\KadrovskiPodaci\KadrovskiPodaci\KadrovskiPodaci.csproj", "{0C5543AD-A906-41C7-BEFC-454BD49849A2}"
EndProject
Project("{FAE04EC0-301F-11D3-BF4B-00C04F79EFBC}") = "KorisnickiInterfejs", "4_PrezentacioniSloj\KorisnickiInterfejs\KorisnickiInterfejs\KorisnickiInterfejs\KorisnickiInterfejs.csproj", "{3656D1C5-BFD8-40D4-9C1C-6C3974386BD7}"
EndProject
Global
	GlobalSection(SolutionConfigurationPlatforms) = preSolution
		Debug|Any CPU = Debug|Any CPU
		Release|Any CPU = Release|Any CPU
	EndGlobalSection
	GlobalSection(SolutionProperties) = preSolution
		HideSolutionNode = FALSE
	EndGlobalSection
	GlobalSection(ProjectConfigurationPlatforms) = postSolution
		{608C9905-AD39-4AAC-A050-354C3E6C36CD}.Debug|Any CPU.ActiveCfg = Debug|Any CPU
		{608C9905-AD39-4AAC-A050-354C3E6C36CD}.Debug|Any CPU.Build.0 = Debug|Any CPU
		{608C9905-AD39-4AAC-A050-354C3E6C36CD}.Release|Any CPU.ActiveCfg = Release|Any CPU
		{608C9905-AD39-4AAC-A050-354C3E6C36CD}.Release|Any CPU.Build.0 = Release|Any CPU
		{AD0F4212-2425-4CA2-B575-4C7DE3B4EB03}.Debug|Any CPU.ActiveCfg = Debug|Any CPU
		{AD0F4212-2425-4CA2-B575-4C7DE3B4EB03}.Debug|Any CPU.Build.0 = Debug|Any CPU
		{AD0F4212-2425-4CA2-B575-4C7DE3B4EB03}.Release|Any CPU.ActiveCfg = Release|Any CPU
		{AD0F4212-2425-4CA2-B575-4C7DE3B4EB03}.Release|Any CPU.Build.0 = Release|Any CPU
		{E4510E62-2145-449B-8951-0B4D24FE2A45}.Debug|Any CPU.ActiveCfg = Debug|Any CPU
		{E4510E62-2145-449B-8951-0B4D24FE2A45}.Debug|Any CPU.Build.0 = Debug|Any CPU
		{E4510E62-2145-449B-8951-0B4D24FE2A45}.Release|Any CPU.ActiveCfg = Release|Any CPU
		{E4510E62-2145-449B-8951-0B4D24FE2A45}.Release|Any CPU.Build.0 = Release|Any CPU
		{6E1E6C15-41E1-4AF7-AA73-B88A86A7FECF}.Debug|Any CPU.ActiveCfg = Debug|Any CPU
		{6E1E6C15-41E1-4AF7-AA73-B88A86A7FECF}.Debug|Any CPU.Build.0 = Debug|Any CPU
		{6E1E6C15-41E1-4AF7-AA73-B88A86A7FECF}.Release|Any CPU.ActiveCfg = Release|Any CPU
		{6E1E6C15-41E1-4AF7-AA73-B88A86A7FECF}.Release|Any CPU.Build.0 = Release|Any CPU
		{A59FC42F-F8FF-446A-A0F5-EB0B8AA8C2F0}.Debug|Any CPU.ActiveCfg = Debug|Any CPU
		{A59FC42F-F8FF-446A-A0F5-EB0B8AA8C2F0}.Debug|Any CPU.Build.0 = Debug|Any CPU
		{A59FC42F-F8FF-446A-A0F5-EB0B8AA8C2F0}.Release|Any CPU.ActiveCfg = Release|Any CPU
		{A59FC42F-F8FF-446A-A0F5-EB0B8AA8C2F0}.Release|Any CPU.Build.0 = Release|Any CPU
		{0C5543AD-A906-41C7-BEFC-454BD49849A2}.Debug|Any CPU.ActiveCfg = Debug|Any CPU
		{0C5543AD-A906-41C7-BEFC-454BD49849A2}.Debug|Any CPU.Build.0 = Debug|Any CPU
		{0C5543AD-A906-41C7-BEFC-454BD49849A2}.Release|Any CPU.ActiveCfg = Release|Any CPU
		{0C5543AD-A906-41C7-BEFC-454BD49849A2}.Release|Any CPU.Build.0 = Release|Any CPU
		{3656D1C5-BFD8-40D4-9C1C-6C3974386BD7}.Debug|Any CPU.ActiveCfg = Debug|Any CPU
		{3656D1C5-BFD8-40D4-9C1C-6C3974386BD7}.Debug|Any CPU.Build.0 = Debug|Any CPU
		{3656D1C5-BFD8-40D4-9C1C-6C3974386BD7}.Release|Any CPU.ActiveCfg = Release|Any CPU
		{3656D1C5-BFD8-40D4-9C1C-6C3974386BD7}.Release|Any CPU.Build.0 = Release|Any CPU
	EndGlobalSection
	GlobalSection(NestedProjects) = preSolution
		{28FE98B5-7A03-4CE9-9FB5-6FD18FE35051} = {419B0A52-C191-462D-9610-9BB7CC99E6BA}
		{6377A06A-4F58-47F1-82F5-2EC85382A33B} = {28FE98B5-7A03-4CE9-9FB5-6FD18FE35051}
		{B3E4B275-4CD4-4578-A8B1-E30CBEEE7B22} = {6377A06A-4F58-47F1-82F5-2EC85382A33B}
		{608C9905-AD39-4AAC-A050-354C3E6C36CD} = {B3E4B275-4CD4-4578-A8B1-E30CBEEE7B22}
		{0E0AB0B6-C69E-43E8-BB07-381AF99D0A60} = {419B0A52-C191-462D-9610-9BB7CC99E6BA}
		{7BA79310-58E3-4BEF-B4CD-37022C319A21} = {0E0AB0B6-C69E-43E8-BB07-381AF99D0A60}
		{AD0F4212-2425-4CA2-B575-4C7DE3B4EB03} = {7BA79310-58E3-4BEF-B4CD-37022C319A21}
		{BD245F51-3F94-4F21-91CB-B9B80BF2E7D7} = {A42C170A-A83F-469C-AADC-E48955FE7A59}
		{E4510E62-2145-449B-8951-0B4D24FE2A45} = {BD245F51-3F94-4F21-91CB-B9B80BF2E7D7}
		{31560BB8-0717-418D-9BDF-D126DABAB4FD} = {09A08280-7987-4358-BEC8-E6E40311AF92}
		{6E1E6C15-41E1-4AF7-AA73-B88A86A7FECF} = {31560BB8-0717-418D-9BDF-D126DABAB4FD}
		{E363FD4B-FA94-41DC-9866-2F3C844A2A18} = {DA022BA3-3E90-4D6B-BB3E-01465043E9E1}
		{A59FC42F-F8FF-446A-A0F5-EB0B8AA8C2F0} = {E363FD4B-FA94-41DC-9866-2F3C844A2A18}
		{0C5543AD-A906-41C7-BEFC-454BD49849A2} = {A42C170A-A83F-469C-AADC-E48955FE7A59}
		{3656D1C5-BFD8-40D4-9C1C-6C3974386BD7} = {DA022BA3-3E90-4D6B-BB3E-01465043E9E1}
	EndGlobalSection
EndGlobal
